
Microsoft Visual Studio Solution File, Format Version 12.00
# Visual Studio Express 2013 for Web
VisualStudioVersion = 12.0.31101.0
MinimumVisualStudioVersion = 10.0.40219.1
Project("{FAE04EC0-301F-11D3-BF4B-00C04F79EFBC}") = "Common", "Common\Common\Common.csproj", "{0DE09AC7-6C66-4D40-AC8F-59A19724A45D}"
EndProject
Project("{FAE04EC0-301F-11D3-BF4B-00C04F79EFBC}") = "CommonService", "Common\CommonService\CommonService.csproj", "{A19E14B9-AC56-47BE-8B3B-7D3B5F9300B8}"
EndProject
Project("{FAE04EC0-301F-11D3-BF4B-00C04F79EFBC}") = "WebApplication", "WebApplication\WebApplication.csproj", "{26CB03B7-B514-4456-8D42-C2D4CDC859E4}"
EndProject
Global
	GlobalSection(SolutionConfigurationPlatforms) = preSolution
		Debug|Any CPU = Debug|Any CPU
		Release|Any CPU = Release|Any CPU
	EndGlobalSection
	GlobalSection(ProjectConfigurationPlatforms) = postSolution
		{0DE09AC7-6C66-4D40-AC8F-59A19724A45D}.Debug|Any CPU.ActiveCfg = Debug|Any CPU
		{0DE09AC7-6C66-4D40-AC8F-59A19724A45D}.Debug|Any CPU.Build.0 = Debug|Any CPU
		{0DE09AC7-6C66-4D40-AC8F-59A19724A45D}.Release|Any CPU.ActiveCfg = Release|Any CPU
		{0DE09AC7-6C66-4D40-AC8F-59A19724A45D}.Release|Any CPU.Build.0 = Release|Any CPU
		{A19E14B9-AC56-47BE-8B3B-7D3B5F9300B8}.Debug|Any CPU.ActiveCfg = Debug|Any CPU
		{A19E14B9-AC56-47BE-8B3B-7D3B5F9300B8}.Debug|Any CPU.Build.0 = Debug|Any CPU
		{A19E14B9-AC56-47BE-8B3B-7D3B5F9300B8}.Release|Any CPU.ActiveCfg = Release|Any CPU
		{A19E14B9-AC56-47BE-8B3B-7D3B5F9300B8}.Release|Any CPU.Build.0 = Release|Any CPU
		{26CB03B7-B514-4456-8D42-C2D4CDC859E4}.Debug|Any CPU.ActiveCfg = Debug|Any CPU
		{26CB03B7-B514-4456-8D42-C2D4CDC859E4}.Debug|Any CPU.Build.0 = Debug|Any CPU
		{26CB03B7-B514-4456-8D42-C2D4CDC859E4}.Release|Any CPU.ActiveCfg = Release|Any CPU
		{26CB03B7-B514-4456-8D42-C2D4CDC859E4}.Release|Any CPU.Build.0 = Release|Any CPU
	EndGlobalSection
	GlobalSection(SolutionProperties) = preSolution
		HideSolutionNode = FALSE
	EndGlobalSection
EndGlobal
